// !$*UTF8*$!
{
	archiveVersion = 1;
	classes = {
	};
	objectVersion = 56;
	objects = {

/* Begin PBXBuildFile section */
		27DA9C272BD6CB8A006EBD72 /* APICarParts.framework in Frameworks */ = {isa = PBXBuildFile; fileRef = 27DA9C262BD6CB8A006EBD72 /* APICarParts.framework */; };
		27DC76342BD6CD8B00CD7367 /* EngineDataViewModel.swift in Sources */ = {isa = PBXBuildFile; fileRef = 27DC76332BD6CD8B00CD7367 /* EngineDataViewModel.swift */; };
		27DC76362BD6CDAA00CD7367 /* EngineFactory.swift in Sources */ = {isa = PBXBuildFile; fileRef = 27DC76352BD6CDAA00CD7367 /* EngineFactory.swift */; };
		27E438A02BCF01CF00C98349 /* AppDelegate.swift in Sources */ = {isa = PBXBuildFile; fileRef = 27E4389F2BCF01CF00C98349 /* AppDelegate.swift */; };
		27E438A22BCF01CF00C98349 /* SceneDelegate.swift in Sources */ = {isa = PBXBuildFile; fileRef = 27E438A12BCF01CF00C98349 /* SceneDelegate.swift */; };
		27E438A42BCF01CF00C98349 /* ViewController.swift in Sources */ = {isa = PBXBuildFile; fileRef = 27E438A32BCF01CF00C98349 /* ViewController.swift */; };
		27E438A72BCF01CF00C98349 /* Main.storyboard in Resources */ = {isa = PBXBuildFile; fileRef = 27E438A52BCF01CF00C98349 /* Main.storyboard */; };
		27E438A92BCF01D000C98349 /* Assets.xcassets in Resources */ = {isa = PBXBuildFile; fileRef = 27E438A82BCF01D000C98349 /* Assets.xcassets */; };
		27E438AC2BCF01D000C98349 /* LaunchScreen.storyboard in Resources */ = {isa = PBXBuildFile; fileRef = 27E438AA2BCF01D000C98349 /* LaunchScreen.storyboard */; };
		27E438B92BCF029A00C98349 /* EngineB31.framework in Frameworks */ = {isa = PBXBuildFile; fileRef = 27E438B82BCF029A00C98349 /* EngineB31.framework */; };
		27E438BA2BCF029A00C98349 /* EngineB31.framework in Embed Frameworks */ = {isa = PBXBuildFile; fileRef = 27E438B82BCF029A00C98349 /* EngineB31.framework */; settings = {ATTRIBUTES = (CodeSignOnCopy, RemoveHeadersOnCopy, ); }; };
		27E439062BD06BDF00C98349 /* EngineProvider.swift in Sources */ = {isa = PBXBuildFile; fileRef = 27E439052BD06BDF00C98349 /* EngineProvider.swift */; };
/* End PBXBuildFile section */

/* Begin PBXCopyFilesBuildPhase section */
		27E438BB2BCF029A00C98349 /* Embed Frameworks */ = {
			isa = PBXCopyFilesBuildPhase;
			buildActionMask = 2147483647;
			dstPath = "";
			dstSubfolderSpec = 10;
			files = (
				27E438BA2BCF029A00C98349 /* EngineB31.framework in Embed Frameworks */,
			);
			name = "Embed Frameworks";
			runOnlyForDeploymentPostprocessing = 0;
		};
/* End PBXCopyFilesBuildPhase section */

/* Begin PBXFileReference section */
		27DA9C262BD6CB8A006EBD72 /* APICarParts.framework */ = {isa = PBXFileReference; explicitFileType = wrapper.framework; path = APICarParts.framework; sourceTree = BUILT_PRODUCTS_DIR; };
		27DC76332BD6CD8B00CD7367 /* EngineDataViewModel.swift */ = {isa = PBXFileReference; lastKnownFileType = sourcecode.swift; path = EngineDataViewModel.swift; sourceTree = "<group>"; };
		27DC76352BD6CDAA00CD7367 /* EngineFactory.swift */ = {isa = PBXFileReference; lastKnownFileType = sourcecode.swift; path = EngineFactory.swift; sourceTree = "<group>"; };
		27E4389C2BCF01CF00C98349 /* Car.app */ = {isa = PBXFileReference; explicitFileType = wrapper.application; includeInIndex = 0; path = Car.app; sourceTree = BUILT_PRODUCTS_DIR; };
		27E4389F2BCF01CF00C98349 /* AppDelegate.swift */ = {isa = PBXFileReference; lastKnownFileType = sourcecode.swift; path = AppDelegate.swift; sourceTree = "<group>"; };
		27E438A12BCF01CF00C98349 /* SceneDelegate.swift */ = {isa = PBXFileReference; lastKnownFileType = sourcecode.swift; path = SceneDelegate.swift; sourceTree = "<group>"; };
		27E438A32BCF01CF00C98349 /* ViewController.swift */ = {isa = PBXFileReference; lastKnownFileType = sourcecode.swift; path = ViewController.swift; sourceTree = "<group>"; };
		27E438A62BCF01CF00C98349 /* Base */ = {isa = PBXFileReference; lastKnownFileType = file.storyboard; name = Base; path = Base.lproj/Main.storyboard; sourceTree = "<group>"; };
		27E438A82BCF01D000C98349 /* Assets.xcassets */ = {isa = PBXFileReference; lastKnownFileType = folder.assetcatalog; path = Assets.xcassets; sourceTree = "<group>"; };
		27E438AB2BCF01D000C98349 /* Base */ = {isa = PBXFileReference; lastKnownFileType = file.storyboard; name = Base; path = Base.lproj/LaunchScreen.storyboard; sourceTree = "<group>"; };
		27E438AD2BCF01D000C98349 /* Info.plist */ = {isa = PBXFileReference; lastKnownFileType = text.plist.xml; path = Info.plist; sourceTree = "<group>"; };
		27E438B82BCF029A00C98349 /* EngineB31.framework */ = {isa = PBXFileReference; explicitFileType = wrapper.framework; path = EngineB31.framework; sourceTree = BUILT_PRODUCTS_DIR; };
		27E439052BD06BDF00C98349 /* EngineProvider.swift */ = {isa = PBXFileReference; lastKnownFileType = sourcecode.swift; path = EngineProvider.swift; sourceTree = "<group>"; };
/* End PBXFileReference section */

/* Begin PBXFrameworksBuildPhase section */
		27E438992BCF01CF00C98349 /* Frameworks */ = {
			isa = PBXFrameworksBuildPhase;
			buildActionMask = 2147483647;
			files = (
				27DA9C272BD6CB8A006EBD72 /* APICarParts.framework in Frameworks */,
				27E438B92BCF029A00C98349 /* EngineB31.framework in Frameworks */,
			);
			runOnlyForDeploymentPostprocessing = 0;
		};
/* End PBXFrameworksBuildPhase section */

/* Begin PBXGroup section */
		27E438932BCF01CF00C98349 = {
			isa = PBXGroup;
			children = (
				27E4389E2BCF01CF00C98349 /* Car */,
				27E4389D2BCF01CF00C98349 /* Products */,
				27E438B32BCF020D00C98349 /* Frameworks */,
			);
			sourceTree = "<group>";
		};
		27E4389D2BCF01CF00C98349 /* Products */ = {
			isa = PBXGroup;
			children = (
				27E4389C2BCF01CF00C98349 /* Car.app */,
			);
			name = Products;
			sourceTree = "<group>";
		};
		27E4389E2BCF01CF00C98349 /* Car */ = {
			isa = PBXGroup;
			children = (
				27E439042BD06BD000C98349 /* DI */,
				27E4389F2BCF01CF00C98349 /* AppDelegate.swift */,
				27E438A12BCF01CF00C98349 /* SceneDelegate.swift */,
				27E438A32BCF01CF00C98349 /* ViewController.swift */,
				27E438A52BCF01CF00C98349 /* Main.storyboard */,
				27E438A82BCF01D000C98349 /* Assets.xcassets */,
				27E438AA2BCF01D000C98349 /* LaunchScreen.storyboard */,
				27E438AD2BCF01D000C98349 /* Info.plist */,
			);
			path = Car;
			sourceTree = "<group>";
		};
		27E438B32BCF020D00C98349 /* Frameworks */ = {
			isa = PBXGroup;
			children = (
				27DA9C262BD6CB8A006EBD72 /* APICarParts.framework */,
				27E438B82BCF029A00C98349 /* EngineB31.framework */,
			);
			name = Frameworks;
			sourceTree = "<group>";
		};
		27E439042BD06BD000C98349 /* DI */ = {
			isa = PBXGroup;
			children = (
				27E439052BD06BDF00C98349 /* EngineProvider.swift */,
				27DC76332BD6CD8B00CD7367 /* EngineDataViewModel.swift */,
				27DC76352BD6CDAA00CD7367 /* EngineFactory.swift */,
			);
			path = DI;
			sourceTree = "<group>";
		};
/* End PBXGroup section */

/* Begin PBXNativeTarget section */
		27E4389B2BCF01CF00C98349 /* Car */ = {
			isa = PBXNativeTarget;
			buildConfigurationList = 27E438B02BCF01D000C98349 /* Build configuration list for PBXNativeTarget "Car" */;
			buildPhases = (
				27E438982BCF01CF00C98349 /* Sources */,
				27E438992BCF01CF00C98349 /* Frameworks */,
				27E4389A2BCF01CF00C98349 /* Resources */,
				27E438BB2BCF029A00C98349 /* Embed Frameworks */,
			);
			buildRules = (
			);
			dependencies = (
			);
			name = Car;
			productName = Car;
			productReference = 27E4389C2BCF01CF00C98349 /* Car.app */;
			productType = "com.apple.product-type.application";
		};
/* End PBXNativeTarget section */

/* Begin PBXProject section */
		27E438942BCF01CF00C98349 /* Project object */ = {
			isa = PBXProject;
			attributes = {
				BuildIndependentTargetsInParallel = 1;
				LastSwiftUpdateCheck = 1510;
				LastUpgradeCheck = 1510;
				TargetAttributes = {
					27E4389B2BCF01CF00C98349 = {
						CreatedOnToolsVersion = 15.1;
					};
				};
			};
			buildConfigurationList = 27E438972BCF01CF00C98349 /* Build configuration list for PBXProject "Car" */;
			compatibilityVersion = "Xcode 14.0";
			developmentRegion = en;
			hasScannedForEncodings = 0;
			knownRegions = (
				en,
				Base,
			);
			mainGroup = 27E438932BCF01CF00C98349;
			productRefGroup = 27E4389D2BCF01CF00C98349 /* Products */;
			projectDirPath = "";
			projectRoot = "";
			targets = (
				27E4389B2BCF01CF00C98349 /* Car */,
			);
		};
/* End PBXProject section */

/* Begin PBXResourcesBuildPhase section */
		27E4389A2BCF01CF00C98349 /* Resources */ = {
			isa = PBXResourcesBuildPhase;
			buildActionMask = 2147483647;
			files = (
				27E438AC2BCF01D000C98349 /* LaunchScreen.storyboard in Resources */,
				27E438A92BCF01D000C98349 /* Assets.xcassets in Resources */,
				27E438A72BCF01CF00C98349 /* Main.storyboard in Resources */,
			);
			runOnlyForDeploymentPostprocessing = 0;
		};
/* End PBXResourcesBuildPhase section */

/* Begin PBXSourcesBuildPhase section */
		27E438982BCF01CF00C98349 /* Sources */ = {
			isa = PBXSourcesBuildPhase;
			buildActionMask = 2147483647;
			files = (
				27DC76362BD6CDAA00CD7367 /* EngineFactory.swift in Sources */,
				27E438A42BCF01CF00C98349 /* ViewController.swift in Sources */,
				27E439062BD06BDF00C98349 /* EngineProvider.swift in Sources */,
				27E438A02BCF01CF00C98349 /* AppDelegate.swift in Sources */,
				27DC76342BD6CD8B00CD7367 /* EngineDataViewModel.swift in Sources */,
				27E438A22BCF01CF00C98349 /* SceneDelegate.swift in Sources */,
			);
			runOnlyForDeploymentPostprocessing = 0;
		};
/* End PBXSourcesBuildPhase section */

/* Begin PBXVariantGroup section */
		27E438A52BCF01CF00C98349 /* Main.storyboard */ = {
			isa = PBXVariantGroup;
			children = (
				27E438A62BCF01CF00C98349 /* Base */,
			);
			name = Main.storyboard;
			sourceTree = "<group>";
		};
		27E438AA2BCF01D000C98349 /* LaunchScreen.storyboard */ = {
			isa = PBXVariantGroup;
			children = (
				27E438AB2BCF01D000C98349 /* Base */,
			);
			name = LaunchScreen.storyboard;
			sourceTree = "<group>";
		};
/* End PBXVariantGroup section */

/* Begin XCBuildConfiguration section */
		27E438AE2BCF01D000C98349 /* Debug */ = {
			isa = XCBuildConfiguration;
			buildSettings = {
				ALWAYS_SEARCH_USER_PATHS = NO;
				ASSETCATALOG_COMPILER_GENERATE_SWIFT_ASSET_SYMBOL_EXTENSIONS = YES;
				CLANG_ANALYZER_NONNULL = YES;
				CLANG_ANALYZER_NUMBER_OBJECT_CONVERSION = YES_AGGRESSIVE;
				CLANG_CXX_LANGUAGE_STANDARD = "gnu++20";
				CLANG_ENABLE_MODULES = YES;
				CLANG_ENABLE_OBJC_ARC = YES;
				CLANG_ENABLE_OBJC_WEAK = YES;
				CLANG_WARN_BLOCK_CAPTURE_AUTORELEASING = YES;
				CLANG_WARN_BOOL_CONVERSION = YES;
				CLANG_WARN_COMMA = YES;
				CLANG_WARN_CONSTANT_CONVERSION = YES;
				CLANG_WARN_DEPRECATED_OBJC_IMPLEMENTATIONS = YES;
				CLANG_WARN_DIRECT_OBJC_ISA_USAGE = YES_ERROR;
				CLANG_WARN_DOCUMENTATION_COMMENTS = YES;
				CLANG_WARN_EMPTY_BODY = YES;
				CLANG_WARN_ENUM_CONVERSION = YES;
				CLANG_WARN_INFINITE_RECURSION = YES;
				CLANG_WARN_INT_CONVERSION = YES;
				CLANG_WARN_NON_LITERAL_NULL_CONVERSION = YES;
				CLANG_WARN_OBJC_IMPLICIT_RETAIN_SELF = YES;
				CLANG_WARN_OBJC_LITERAL_CONVERSION = YES;
				CLANG_WARN_OBJC_ROOT_CLASS = YES_ERROR;
				CLANG_WARN_QUOTED_INCLUDE_IN_FRAMEWORK_HEADER = YES;
				CLANG_WARN_RANGE_LOOP_ANALYSIS = YES;
				CLANG_WARN_STRICT_PROTOTYPES = YES;
				CLANG_WARN_SUSPICIOUS_MOVE = YES;
				CLANG_WARN_UNGUARDED_AVAILABILITY = YES_AGGRESSIVE;
				CLANG_WARN_UNREACHABLE_CODE = YES;
				CLANG_WARN__DUPLICATE_METHOD_MATCH = YES;
				COPY_PHASE_STRIP = NO;
				DEBUG_INFORMATION_FORMAT = dwarf;
				ENABLE_STRICT_OBJC_MSGSEND = YES;
				ENABLE_TESTABILITY = YES;
				ENABLE_USER_SCRIPT_SANDBOXING = YES;
				GCC_C_LANGUAGE_STANDARD = gnu17;
				GCC_DYNAMIC_NO_PIC = NO;
				GCC_NO_COMMON_BLOCKS = YES;
				GCC_OPTIMIZATION_LEVEL = 0;
				GCC_PREPROCESSOR_DEFINITIONS = (
					"DEBUG=1",
					"$(inherited)",
				);
				GCC_WARN_64_TO_32_BIT_CONVERSION = YES;
				GCC_WARN_ABOUT_RETURN_TYPE = YES_ERROR;
				GCC_WARN_UNDECLARED_SELECTOR = YES;
				GCC_WARN_UNINITIALIZED_AUTOS = YES_AGGRESSIVE;
				GCC_WARN_UNUSED_FUNCTION = YES;
				GCC_WARN_UNUSED_VARIABLE = YES;
				IPHONEOS_DEPLOYMENT_TARGET = 17.2;
				LOCALIZATION_PREFERS_STRING_CATALOGS = YES;
				MTL_ENABLE_DEBUG_INFO = INCLUDE_SOURCE;
				MTL_FAST_MATH = YES;
				ONLY_ACTIVE_ARCH = YES;
				SDKROOT = iphoneos;
				SWIFT_ACTIVE_COMPILATION_CONDITIONS = "DEBUG $(inherited)";
				SWIFT_OPTIMIZATION_LEVEL = "-Onone";
			};
			name = Debug;
		};
		27E438AF2BCF01D000C98349 /* Release */ = {
			isa = XCBuildConfiguration;
			buildSettings = {
				ALWAYS_SEARCH_USER_PATHS = NO;
				ASSETCATALOG_COMPILER_GENERATE_SWIFT_ASSET_SYMBOL_EXTENSIONS = YES;
				CLANG_ANALYZER_NONNULL = YES;
				CLANG_ANALYZER_NUMBER_OBJECT_CONVERSION = YES_AGGRESSIVE;
				CLANG_CXX_LANGUAGE_STANDARD = "gnu++20";
				CLANG_ENABLE_MODULES = YES;
				CLANG_ENABLE_OBJC_ARC = YES;
				CLANG_ENABLE_OBJC_WEAK = YES;
				CLANG_WARN_BLOCK_CAPTURE_AUTORELEASING = YES;
				CLANG_WARN_BOOL_CONVERSION = YES;
				CLANG_WARN_COMMA = YES;
				CLANG_WARN_CONSTANT_CONVERSION = YES;
				CLANG_WARN_DEPRECATED_OBJC_IMPLEMENTATIONS = YES;
				CLANG_WARN_DIRECT_OBJC_ISA_USAGE = YES_ERROR;
				CLANG_WARN_DOCUMENTATION_COMMENTS = YES;
				CLANG_WARN_EMPTY_BODY = YES;
				CLANG_WARN_ENUM_CONVERSION = YES;
				CLANG_WARN_INFINITE_RECURSION = YES;
				CLANG_WARN_INT_CONVERSION = YES;
				CLANG_WARN_NON_LITERAL_NULL_CONVERSION = YES;
				CLANG_WARN_OBJC_IMPLICIT_RETAIN_SELF = YES;
				CLANG_WARN_OBJC_LITERAL_CONVERSION = YES;
				CLANG_WARN_OBJC_ROOT_CLASS = YES_ERROR;
				CLANG_WARN_QUOTED_INCLUDE_IN_FRAMEWORK_HEADER = YES;
				CLANG_WARN_RANGE_LOOP_ANALYSIS = YES;
				CLANG_WARN_STRICT_PROTOTYPES = YES;
				CLANG_WARN_SUSPICIOUS_MOVE = YES;
				CLANG_WARN_UNGUARDED_AVAILABILITY = YES_AGGRESSIVE;
				CLANG_WARN_UNREACHABLE_CODE = YES;
				CLANG_WARN__DUPLICATE_METHOD_MATCH = YES;
				COPY_PHASE_STRIP = NO;
				DEBUG_INFORMATION_FORMAT = "dwarf-with-dsym";
				ENABLE_NS_ASSERTIONS = NO;
				ENABLE_STRICT_OBJC_MSGSEND = YES;
				ENABLE_USER_SCRIPT_SANDBOXING = YES;
				GCC_C_LANGUAGE_STANDARD = gnu17;
				GCC_NO_COMMON_BLOCKS = YES;
				GCC_WARN_64_TO_32_BIT_CONVERSION = YES;
				GCC_WARN_ABOUT_RETURN_TYPE = YES_ERROR;
				GCC_WARN_UNDECLARED_SELECTOR = YES;
				GCC_WARN_UNINITIALIZED_AUTOS = YES_AGGRESSIVE;
				GCC_WARN_UNUSED_FUNCTION = YES;
				GCC_WARN_UNUSED_VARIABLE = YES;
				IPHONEOS_DEPLOYMENT_TARGET = 17.2;
				LOCALIZATION_PREFERS_STRING_CATALOGS = YES;
				MTL_ENABLE_DEBUG_INFO = NO;
				MTL_FAST_MATH = YES;
				SDKROOT = iphoneos;
				SWIFT_COMPILATION_MODE = wholemodule;
				VALIDATE_PRODUCT = YES;
			};
			name = Release;
		};
		27E438B12BCF01D000C98349 /* Debug */ = {
			isa = XCBuildConfiguration;
			buildSettings = {
				ASSETCATALOG_COMPILER_APPICON_NAME = AppIcon;
				ASSETCATALOG_COMPILER_GLOBAL_ACCENT_COLOR_NAME = AccentColor;
				CODE_SIGN_STYLE = Automatic;
				CURRENT_PROJECT_VERSION = 1;
				GENERATE_INFOPLIST_FILE = YES;
				INFOPLIST_FILE = Car/Info.plist;
				INFOPLIST_KEY_UIApplicationSupportsIndirectInputEvents = YES;
				INFOPLIST_KEY_UILaunchStoryboardName = LaunchScreen;
				INFOPLIST_KEY_UIMainStoryboardFile = Main;
				INFOPLIST_KEY_UISupportedInterfaceOrientations_iPad = "UIInterfaceOrientationPortrait UIInterfaceOrientationPortraitUpsideDown UIInterfaceOrientationLandscapeLeft UIInterfaceOrientationLandscapeRight";
				INFOPLIST_KEY_UISupportedInterfaceOrientations_iPhone = "UIInterfaceOrientationPortrait UIInterfaceOrientationLandscapeLeft UIInterfaceOrientationLandscapeRight";
				LD_RUNPATH_SEARCH_PATHS = (
					"$(inherited)",
					"@executable_path/Frameworks",
				);
				MARKETING_VERSION = 1.0;
				PRODUCT_BUNDLE_IDENTIFIER = EZ.Car;
				PRODUCT_NAME = "$(TARGET_NAME)";
				SWIFT_EMIT_LOC_STRINGS = YES;
				SWIFT_VERSION = 5.0;
				TARGETED_DEVICE_FAMILY = "1,2";
			};
			name = Debug;
		};
		27E438B22BCF01D000C98349 /* Release */ = {
			isa = XCBuildConfiguration;
			buildSettings = {
				ASSETCATALOG_COMPILER_APPICON_NAME = AppIcon;
				ASSETCATALOG_COMPILER_GLOBAL_ACCENT_COLOR_NAME = AccentColor;
				CODE_SIGN_STYLE = Automatic;
				CURRENT_PROJECT_VERSION = 1;
				GENERATE_INFOPLIST_FILE = YES;
				INFOPLIST_FILE = Car/Info.plist;
				INFOPLIST_KEY_UIApplicationSupportsIndirectInputEvents = YES;
				INFOPLIST_KEY_UILaunchStoryboardName = LaunchScreen;
				INFOPLIST_KEY_UIMainStoryboardFile = Main;
				INFOPLIST_KEY_UISupportedInterfaceOrientations_iPad = "UIInterfaceOrientationPortrait UIInterfaceOrientationPortraitUpsideDown UIInterfaceOrientationLandscapeLeft UIInterfaceOrientationLandscapeRight";
				INFOPLIST_KEY_UISupportedInterfaceOrientations_iPhone = "UIInterfaceOrientationPortrait UIInterfaceOrientationLandscapeLeft UIInterfaceOrientationLandscapeRight";
				LD_RUNPATH_SEARCH_PATHS = (
					"$(inherited)",
					"@executable_path/Frameworks",
				);
				MARKETING_VERSION = 1.0;
				PRODUCT_BUNDLE_IDENTIFIER = EZ.Car;
				PRODUCT_NAME = "$(TARGET_NAME)";
				SWIFT_EMIT_LOC_STRINGS = YES;
				SWIFT_VERSION = 5.0;
				TARGETED_DEVICE_FAMILY = "1,2";
			};
			name = Release;
		};
/* End XCBuildConfiguration section */

/* Begin XCConfigurationList section */
		27E438972BCF01CF00C98349 /* Build configuration list for PBXProject "Car" */ = {
			isa = XCConfigurationList;
			buildConfigurations = (
				27E438AE2BCF01D000C98349 /* Debug */,
				27E438AF2BCF01D000C98349 /* Release */,
			);
			defaultConfigurationIsVisible = 0;
			defaultConfigurationName = Release;
		};
		27E438B02BCF01D000C98349 /* Build configuration list for PBXNativeTarget "Car" */ = {
			isa = XCConfigurationList;
			buildConfigurations = (
				27E438B12BCF01D000C98349 /* Debug */,
				27E438B22BCF01D000C98349 /* Release */,
			);
			defaultConfigurationIsVisible = 0;
			defaultConfigurationName = Release;
		};
/* End XCConfigurationList section */
	};
	rootObject = 27E438942BCF01CF00C98349 /* Project object */;
}
